// !$*UTF8*$!
{
	archiveVersion = 1;
	classes = {
	};
	objectVersion = 48;
	objects = {

/* Begin PBXBuildFile section */
		1495A622212CF0C400B3F6FC /* Keys.swift in Sources */ = {isa = PBXBuildFile; fileRef = 1495A621212CF0C400B3F6FC /* Keys.swift */; };
		1495A629212CF1D300B3F6FC /* Chartboost.framework in Frameworks */ = {isa = PBXBuildFile; fileRef = 1495A627212CF1D200B3F6FC /* Chartboost.framework */; };
		1495A62A212CF1D300B3F6FC /* CHAMoatMobileAppKit.framework in Frameworks */ = {isa = PBXBuildFile; fileRef = 1495A628212CF1D300B3F6FC /* CHAMoatMobileAppKit.framework */; };
		149C5F59212CE24200958E3E /* StoreKit.framework in Frameworks */ = {isa = PBXBuildFile; fileRef = 149C5F58212CE24200958E3E /* StoreKit.framework */; };
		149C5F5B212CE24700958E3E /* Foundation.framework in Frameworks */ = {isa = PBXBuildFile; fileRef = 149C5F5A212CE24700958E3E /* Foundation.framework */; };
		149C5F5D212CE24C00958E3E /* CoreGraphics.framework in Frameworks */ = {isa = PBXBuildFile; fileRef = 149C5F5C212CE24C00958E3E /* CoreGraphics.framework */; };
		149C5F5F212CE25200958E3E /* UIKit.framework in Frameworks */ = {isa = PBXBuildFile; fileRef = 149C5F5E212CE25200958E3E /* UIKit.framework */; };
		149C5F61212CE25600958E3E /* WebKit.framework in Frameworks */ = {isa = PBXBuildFile; fileRef = 149C5F60212CE25600958E3E /* WebKit.framework */; };
		14C35D63212DAC89009FA2A3 /* Assets.xcassets in Resources */ = {isa = PBXBuildFile; fileRef = 14C35D62212DAC89009FA2A3 /* Assets.xcassets */; };
		14C35D6A212DAC89009FA2A3 /* ColorSwitchWatch Extension.appex in Embed App Extensions */ = {isa = PBXBuildFile; fileRef = 14C35D69212DAC89009FA2A3 /* ColorSwitchWatch Extension.appex */; settings = {ATTRIBUTES = (RemoveHeadersOnCopy, ); }; };
		14C35D6F212DAC89009FA2A3 /* InterfaceController.swift in Sources */ = {isa = PBXBuildFile; fileRef = 14C35D6E212DAC89009FA2A3 /* InterfaceController.swift */; };
		14C35D71212DAC89009FA2A3 /* ExtensionDelegate.swift in Sources */ = {isa = PBXBuildFile; fileRef = 14C35D70212DAC89009FA2A3 /* ExtensionDelegate.swift */; };
		14C35D73212DAC8A009FA2A3 /* Assets.xcassets in Resources */ = {isa = PBXBuildFile; fileRef = 14C35D72212DAC8A009FA2A3 /* Assets.xcassets */; };
		14C35D77212DAC8A009FA2A3 /* ColorSwitchWatch.app in Embed Watch Content */ = {isa = PBXBuildFile; fileRef = 14C35D5D212DAC88009FA2A3 /* ColorSwitchWatch.app */; };
		14ED3582212DAE0E005F61E7 /* Interface.storyboard in Resources */ = {isa = PBXBuildFile; fileRef = 14ED3581212DAE0E005F61E7 /* Interface.storyboard */; };
		14ED3584212DB524005F61E7 /* Constants.swift in Sources */ = {isa = PBXBuildFile; fileRef = 14ED3583212DB524005F61E7 /* Constants.swift */; };
		B6B3CF021F9D77380033F399 /* AppDelegate.swift in Sources */ = {isa = PBXBuildFile; fileRef = B6B3CF011F9D77380033F399 /* AppDelegate.swift */; };
		B6B3CF071F9D77380033F399 /* Main.storyboard in Resources */ = {isa = PBXBuildFile; fileRef = B6B3CF051F9D77380033F399 /* Main.storyboard */; };
		B6B3CF091F9D77380033F399 /* Assets.xcassets in Resources */ = {isa = PBXBuildFile; fileRef = B6B3CF081F9D77380033F399 /* Assets.xcassets */; };
		B6B3CF0C1F9D77380033F399 /* LaunchScreen.storyboard in Resources */ = {isa = PBXBuildFile; fileRef = B6B3CF0A1F9D77380033F399 /* LaunchScreen.storyboard */; };
		B6B3CF171F9D77380033F399 /* ColorSwitchTests.swift in Sources */ = {isa = PBXBuildFile; fileRef = B6B3CF161F9D77380033F399 /* ColorSwitchTests.swift */; };
		B6B3CF221F9D77380033F399 /* ColorSwitchUITests.swift in Sources */ = {isa = PBXBuildFile; fileRef = B6B3CF211F9D77380033F399 /* ColorSwitchUITests.swift */; };
		B6B3CF301F9D79680033F399 /* Constants.swift in Sources */ = {isa = PBXBuildFile; fileRef = B6B3CF2F1F9D79680033F399 /* Constants.swift */; };
		B6B3CF321F9EBD6B0033F399 /* MenuViewController.swift in Sources */ = {isa = PBXBuildFile; fileRef = B6B3CF311F9EBD6B0033F399 /* MenuViewController.swift */; };
		B6B3CF341F9EC52B0033F399 /* GameViewController.swift in Sources */ = {isa = PBXBuildFile; fileRef = B6B3CF331F9EC52B0033F399 /* GameViewController.swift */; };
		B6B3CF361F9FF1780033F399 /* UI.swift in Sources */ = {isa = PBXBuildFile; fileRef = B6B3CF351F9FF1780033F399 /* UI.swift */; };
		B6E0C8721FA4DA1B00429295 /* Game.swift in Sources */ = {isa = PBXBuildFile; fileRef = B6E0C8711FA4DA1B00429295 /* Game.swift */; };
		B6E0C8741FA5190500429295 /* LoseViewController.swift in Sources */ = {isa = PBXBuildFile; fileRef = B6E0C8731FA5190500429295 /* LoseViewController.swift */; };
/* End PBXBuildFile section */

/* Begin PBXContainerItemProxy section */
		14C35D6B212DAC89009FA2A3 /* PBXContainerItemProxy */ = {
			isa = PBXContainerItemProxy;
			containerPortal = B6B3CEF61F9D77380033F399 /* Project object */;
			proxyType = 1;
			remoteGlobalIDString = 14C35D68212DAC89009FA2A3;
			remoteInfo = "ColorSwitchWatch Extension";
		};
		14C35D75212DAC8A009FA2A3 /* PBXContainerItemProxy */ = {
			isa = PBXContainerItemProxy;
			containerPortal = B6B3CEF61F9D77380033F399 /* Project object */;
			proxyType = 1;
			remoteGlobalIDString = 14C35D5C212DAC88009FA2A3;
			remoteInfo = ColorSwitchWatch;
		};
		B6B3CF131F9D77380033F399 /* PBXContainerItemProxy */ = {
			isa = PBXContainerItemProxy;
			containerPortal = B6B3CEF61F9D77380033F399 /* Project object */;
			proxyType = 1;
			remoteGlobalIDString = B6B3CEFD1F9D77380033F399;
			remoteInfo = ColorSwitch;
		};
		B6B3CF1E1F9D77380033F399 /* PBXContainerItemProxy */ = {
			isa = PBXContainerItemProxy;
			containerPortal = B6B3CEF61F9D77380033F399 /* Project object */;
			proxyType = 1;
			remoteGlobalIDString = B6B3CEFD1F9D77380033F399;
			remoteInfo = ColorSwitch;
		};
/* End PBXContainerItemProxy section */

/* Begin PBXCopyFilesBuildPhase section */
		14C35D7D212DAC8A009FA2A3 /* Embed App Extensions */ = {
			isa = PBXCopyFilesBuildPhase;
			buildActionMask = 2147483647;
			dstPath = "";
			dstSubfolderSpec = 13;
			files = (
				14C35D6A212DAC89009FA2A3 /* ColorSwitchWatch Extension.appex in Embed App Extensions */,
			);
			name = "Embed App Extensions";
			runOnlyForDeploymentPostprocessing = 0;
		};
		14C35D7F212DAC8A009FA2A3 /* Embed Watch Content */ = {
			isa = PBXCopyFilesBuildPhase;
			buildActionMask = 2147483647;
			dstPath = "$(CONTENTS_FOLDER_PATH)/Watch";
			dstSubfolderSpec = 16;
			files = (
				14C35D77212DAC8A009FA2A3 /* ColorSwitchWatch.app in Embed Watch Content */,
			);
			name = "Embed Watch Content";
			runOnlyForDeploymentPostprocessing = 0;
		};
/* End PBXCopyFilesBuildPhase section */

/* Begin PBXFileReference section */
		1495A611212CEEBE00B3F6FC /* ColorSwitch-Bridging-Header.h */ = {isa = PBXFileReference; lastKnownFileType = sourcecode.c.h; path = "ColorSwitch-Bridging-Header.h"; sourceTree = "<group>"; };
		1495A621212CF0C400B3F6FC /* Keys.swift */ = {isa = PBXFileReference; fileEncoding = 4; lastKnownFileType = sourcecode.swift; path = Keys.swift; sourceTree = "<group>"; };
		1495A627212CF1D200B3F6FC /* Chartboost.framework */ = {isa = PBXFileReference; lastKnownFileType = wrapper.framework; path = Chartboost.framework; sourceTree = "<group>"; };
		1495A628212CF1D300B3F6FC /* CHAMoatMobileAppKit.framework */ = {isa = PBXFileReference; lastKnownFileType = wrapper.framework; path = CHAMoatMobileAppKit.framework; sourceTree = "<group>"; };
		149C5F58212CE24200958E3E /* StoreKit.framework */ = {isa = PBXFileReference; lastKnownFileType = wrapper.framework; name = StoreKit.framework; path = System/Library/Frameworks/StoreKit.framework; sourceTree = SDKROOT; };
		149C5F5A212CE24700958E3E /* Foundation.framework */ = {isa = PBXFileReference; lastKnownFileType = wrapper.framework; name = Foundation.framework; path = System/Library/Frameworks/Foundation.framework; sourceTree = SDKROOT; };
		149C5F5C212CE24C00958E3E /* CoreGraphics.framework */ = {isa = PBXFileReference; lastKnownFileType = wrapper.framework; name = CoreGraphics.framework; path = System/Library/Frameworks/CoreGraphics.framework; sourceTree = SDKROOT; };
		149C5F5E212CE25200958E3E /* UIKit.framework */ = {isa = PBXFileReference; lastKnownFileType = wrapper.framework; name = UIKit.framework; path = System/Library/Frameworks/UIKit.framework; sourceTree = SDKROOT; };
		149C5F60212CE25600958E3E /* WebKit.framework */ = {isa = PBXFileReference; lastKnownFileType = wrapper.framework; name = WebKit.framework; path = System/Library/Frameworks/WebKit.framework; sourceTree = SDKROOT; };
		14C35D5D212DAC88009FA2A3 /* ColorSwitchWatch.app */ = {isa = PBXFileReference; explicitFileType = wrapper.application; includeInIndex = 0; path = ColorSwitchWatch.app; sourceTree = BUILT_PRODUCTS_DIR; };
		14C35D62212DAC89009FA2A3 /* Assets.xcassets */ = {isa = PBXFileReference; lastKnownFileType = folder.assetcatalog; path = Assets.xcassets; sourceTree = "<group>"; };
		14C35D64212DAC89009FA2A3 /* Info.plist */ = {isa = PBXFileReference; lastKnownFileType = text.plist.xml; path = Info.plist; sourceTree = "<group>"; };
		14C35D69212DAC89009FA2A3 /* ColorSwitchWatch Extension.appex */ = {isa = PBXFileReference; explicitFileType = "wrapper.app-extension"; includeInIndex = 0; path = "ColorSwitchWatch Extension.appex"; sourceTree = BUILT_PRODUCTS_DIR; };
		14C35D6E212DAC89009FA2A3 /* InterfaceController.swift */ = {isa = PBXFileReference; lastKnownFileType = sourcecode.swift; path = InterfaceController.swift; sourceTree = "<group>"; };
		14C35D70212DAC89009FA2A3 /* ExtensionDelegate.swift */ = {isa = PBXFileReference; lastKnownFileType = sourcecode.swift; path = ExtensionDelegate.swift; sourceTree = "<group>"; };
		14C35D72212DAC8A009FA2A3 /* Assets.xcassets */ = {isa = PBXFileReference; lastKnownFileType = folder.assetcatalog; path = Assets.xcassets; sourceTree = "<group>"; };
		14C35D74212DAC8A009FA2A3 /* Info.plist */ = {isa = PBXFileReference; lastKnownFileType = text.plist.xml; path = Info.plist; sourceTree = "<group>"; };
		14ED3581212DAE0E005F61E7 /* Interface.storyboard */ = {isa = PBXFileReference; fileEncoding = 4; lastKnownFileType = file.storyboard; path = Interface.storyboard; sourceTree = "<group>"; };
		14ED3583212DB524005F61E7 /* Constants.swift */ = {isa = PBXFileReference; fileEncoding = 4; lastKnownFileType = sourcecode.swift; path = Constants.swift; sourceTree = "<group>"; };
		B6B3CEFE1F9D77380033F399 /* ColorSwitch.app */ = {isa = PBXFileReference; explicitFileType = wrapper.application; includeInIndex = 0; path = ColorSwitch.app; sourceTree = BUILT_PRODUCTS_DIR; };
		B6B3CF011F9D77380033F399 /* AppDelegate.swift */ = {isa = PBXFileReference; lastKnownFileType = sourcecode.swift; path = AppDelegate.swift; sourceTree = "<group>"; };
		B6B3CF061F9D77380033F399 /* Base */ = {isa = PBXFileReference; lastKnownFileType = file.storyboard; name = Base; path = Base.lproj/Main.storyboard; sourceTree = "<group>"; };
		B6B3CF081F9D77380033F399 /* Assets.xcassets */ = {isa = PBXFileReference; lastKnownFileType = folder.assetcatalog; path = Assets.xcassets; sourceTree = "<group>"; };
		B6B3CF0B1F9D77380033F399 /* Base */ = {isa = PBXFileReference; lastKnownFileType = file.storyboard; name = Base; path = Base.lproj/LaunchScreen.storyboard; sourceTree = "<group>"; };
		B6B3CF0D1F9D77380033F399 /* Info.plist */ = {isa = PBXFileReference; lastKnownFileType = text.plist.xml; path = Info.plist; sourceTree = "<group>"; };
		B6B3CF121F9D77380033F399 /* ColorSwitchTests.xctest */ = {isa = PBXFileReference; explicitFileType = wrapper.cfbundle; includeInIndex = 0; path = ColorSwitchTests.xctest; sourceTree = BUILT_PRODUCTS_DIR; };
		B6B3CF161F9D77380033F399 /* ColorSwitchTests.swift */ = {isa = PBXFileReference; lastKnownFileType = sourcecode.swift; path = ColorSwitchTests.swift; sourceTree = "<group>"; };
		B6B3CF181F9D77380033F399 /* Info.plist */ = {isa = PBXFileReference; lastKnownFileType = text.plist.xml; path = Info.plist; sourceTree = "<group>"; };
		B6B3CF1D1F9D77380033F399 /* ColorSwitchUITests.xctest */ = {isa = PBXFileReference; explicitFileType = wrapper.cfbundle; includeInIndex = 0; path = ColorSwitchUITests.xctest; sourceTree = BUILT_PRODUCTS_DIR; };
		B6B3CF211F9D77380033F399 /* ColorSwitchUITests.swift */ = {isa = PBXFileReference; lastKnownFileType = sourcecode.swift; path = ColorSwitchUITests.swift; sourceTree = "<group>"; };
		B6B3CF231F9D77380033F399 /* Info.plist */ = {isa = PBXFileReference; lastKnownFileType = text.plist.xml; path = Info.plist; sourceTree = "<group>"; };
		B6B3CF2F1F9D79680033F399 /* Constants.swift */ = {isa = PBXFileReference; lastKnownFileType = sourcecode.swift; path = Constants.swift; sourceTree = "<group>"; };
		B6B3CF311F9EBD6B0033F399 /* MenuViewController.swift */ = {isa = PBXFileReference; lastKnownFileType = sourcecode.swift; path = MenuViewController.swift; sourceTree = "<group>"; };
		B6B3CF331F9EC52B0033F399 /* GameViewController.swift */ = {isa = PBXFileReference; lastKnownFileType = sourcecode.swift; path = GameViewController.swift; sourceTree = "<group>"; };
		B6B3CF351F9FF1780033F399 /* UI.swift */ = {isa = PBXFileReference; lastKnownFileType = sourcecode.swift; path = UI.swift; sourceTree = "<group>"; };
		B6E0C8711FA4DA1B00429295 /* Game.swift */ = {isa = PBXFileReference; lastKnownFileType = sourcecode.swift; path = Game.swift; sourceTree = "<group>"; };
		B6E0C8731FA5190500429295 /* LoseViewController.swift */ = {isa = PBXFileReference; lastKnownFileType = sourcecode.swift; path = LoseViewController.swift; sourceTree = "<group>"; };
/* End PBXFileReference section */

/* Begin PBXFrameworksBuildPhase section */
		14C35D66212DAC89009FA2A3 /* Frameworks */ = {
			isa = PBXFrameworksBuildPhase;
			buildActionMask = 2147483647;
			files = (
			);
			runOnlyForDeploymentPostprocessing = 0;
		};
		B6B3CEFB1F9D77380033F399 /* Frameworks */ = {
			isa = PBXFrameworksBuildPhase;
			buildActionMask = 2147483647;
			files = (
				149C5F61212CE25600958E3E /* WebKit.framework in Frameworks */,
				1495A62A212CF1D300B3F6FC /* CHAMoatMobileAppKit.framework in Frameworks */,
				149C5F5F212CE25200958E3E /* UIKit.framework in Frameworks */,
				149C5F5D212CE24C00958E3E /* CoreGraphics.framework in Frameworks */,
				1495A629212CF1D300B3F6FC /* Chartboost.framework in Frameworks */,
				149C5F5B212CE24700958E3E /* Foundation.framework in Frameworks */,
				149C5F59212CE24200958E3E /* StoreKit.framework in Frameworks */,
			);
			runOnlyForDeploymentPostprocessing = 0;
		};
		B6B3CF0F1F9D77380033F399 /* Frameworks */ = {
			isa = PBXFrameworksBuildPhase;
			buildActionMask = 2147483647;
			files = (
			);
			runOnlyForDeploymentPostprocessing = 0;
		};
		B6B3CF1A1F9D77380033F399 /* Frameworks */ = {
			isa = PBXFrameworksBuildPhase;
			buildActionMask = 2147483647;
			files = (
			);
			runOnlyForDeploymentPostprocessing = 0;
		};
/* End PBXFrameworksBuildPhase section */

/* Begin PBXGroup section */
		1495A618212CEF3600B3F6FC /* Frameworks */ = {
			isa = PBXGroup;
			children = (
				1495A628212CF1D300B3F6FC /* CHAMoatMobileAppKit.framework */,
				1495A627212CF1D200B3F6FC /* Chartboost.framework */,
			);
			path = Frameworks;
			sourceTree = "<group>";
		};
		14C35D5E212DAC88009FA2A3 /* ColorSwitchWatch */ = {
			isa = PBXGroup;
			children = (
				14ED3581212DAE0E005F61E7 /* Interface.storyboard */,
				14C35D62212DAC89009FA2A3 /* Assets.xcassets */,
				14C35D64212DAC89009FA2A3 /* Info.plist */,
			);
			path = ColorSwitchWatch;
			sourceTree = "<group>";
		};
		14C35D6D212DAC89009FA2A3 /* ColorSwitchWatch Extension */ = {
			isa = PBXGroup;
			children = (
				14C35D6E212DAC89009FA2A3 /* InterfaceController.swift */,
				14C35D70212DAC89009FA2A3 /* ExtensionDelegate.swift */,
				14C35D72212DAC8A009FA2A3 /* Assets.xcassets */,
				14ED3583212DB524005F61E7 /* Constants.swift */,
				14C35D74212DAC8A009FA2A3 /* Info.plist */,
			);
			path = "ColorSwitchWatch Extension";
			sourceTree = "<group>";
		};
		B6B3CEF51F9D77380033F399 = {
			isa = PBXGroup;
			children = (
				B6B3CF001F9D77380033F399 /* ColorSwitch */,
				B6B3CF151F9D77380033F399 /* ColorSwitchTests */,
				B6B3CF201F9D77380033F399 /* ColorSwitchUITests */,
				14C35D5E212DAC88009FA2A3 /* ColorSwitchWatch */,
				14C35D6D212DAC89009FA2A3 /* ColorSwitchWatch Extension */,
				B6B3CEFF1F9D77380033F399 /* Products */,
				B6BEA40A1FA6776200550CF7 /* Frameworks */,
			);
			sourceTree = "<group>";
		};
		B6B3CEFF1F9D77380033F399 /* Products */ = {
			isa = PBXGroup;
			children = (
				B6B3CEFE1F9D77380033F399 /* ColorSwitch.app */,
				B6B3CF121F9D77380033F399 /* ColorSwitchTests.xctest */,
				B6B3CF1D1F9D77380033F399 /* ColorSwitchUITests.xctest */,
				14C35D5D212DAC88009FA2A3 /* ColorSwitchWatch.app */,
				14C35D69212DAC89009FA2A3 /* ColorSwitchWatch Extension.appex */,
			);
			name = Products;
			sourceTree = "<group>";
		};
		B6B3CF001F9D77380033F399 /* ColorSwitch */ = {
			isa = PBXGroup;
			children = (
				B6B3CF011F9D77380033F399 /* AppDelegate.swift */,
				B6B3CF311F9EBD6B0033F399 /* MenuViewController.swift */,
				B6B3CF331F9EC52B0033F399 /* GameViewController.swift */,
				B6E0C8731FA5190500429295 /* LoseViewController.swift */,
				B6B3CF051F9D77380033F399 /* Main.storyboard */,
				B6B3CF081F9D77380033F399 /* Assets.xcassets */,
				B6E0C8711FA4DA1B00429295 /* Game.swift */,
				B6B3CF351F9FF1780033F399 /* UI.swift */,
				1495A621212CF0C400B3F6FC /* Keys.swift */,
				B6B3CF2F1F9D79680033F399 /* Constants.swift */,
				B6B3CF0A1F9D77380033F399 /* LaunchScreen.storyboard */,
				1495A611212CEEBE00B3F6FC /* ColorSwitch-Bridging-Header.h */,
				B6B3CF0D1F9D77380033F399 /* Info.plist */,
				1495A618212CEF3600B3F6FC /* Frameworks */,
			);
			path = ColorSwitch;
			sourceTree = "<group>";
		};
		B6B3CF151F9D77380033F399 /* ColorSwitchTests */ = {
			isa = PBXGroup;
			children = (
				B6B3CF161F9D77380033F399 /* ColorSwitchTests.swift */,
				B6B3CF181F9D77380033F399 /* Info.plist */,
			);
			path = ColorSwitchTests;
			sourceTree = "<group>";
		};
		B6B3CF201F9D77380033F399 /* ColorSwitchUITests */ = {
			isa = PBXGroup;
			children = (
				B6B3CF211F9D77380033F399 /* ColorSwitchUITests.swift */,
				B6B3CF231F9D77380033F399 /* Info.plist */,
			);
			path = ColorSwitchUITests;
			sourceTree = "<group>";
		};
		B6BEA40A1FA6776200550CF7 /* Frameworks */ = {
			isa = PBXGroup;
			children = (
				149C5F60212CE25600958E3E /* WebKit.framework */,
				149C5F5E212CE25200958E3E /* UIKit.framework */,
				149C5F5C212CE24C00958E3E /* CoreGraphics.framework */,
				149C5F5A212CE24700958E3E /* Foundation.framework */,
				149C5F58212CE24200958E3E /* StoreKit.framework */,
			);
			name = Frameworks;
			sourceTree = "<group>";
		};
/* End PBXGroup section */

/* Begin PBXNativeTarget section */
		14C35D5C212DAC88009FA2A3 /* ColorSwitchWatch */ = {
			isa = PBXNativeTarget;
			buildConfigurationList = 14C35D7E212DAC8A009FA2A3 /* Build configuration list for PBXNativeTarget "ColorSwitchWatch" */;
			buildPhases = (
				14C35D5B212DAC88009FA2A3 /* Resources */,
				14C35D7D212DAC8A009FA2A3 /* Embed App Extensions */,
			);
			buildRules = (
			);
			dependencies = (
				14C35D6C212DAC89009FA2A3 /* PBXTargetDependency */,
			);
			name = ColorSwitchWatch;
			productName = ColorSwitchWatch;
			productReference = 14C35D5D212DAC88009FA2A3 /* ColorSwitchWatch.app */;
			productType = "com.apple.product-type.application.watchapp2";
		};
		14C35D68212DAC89009FA2A3 /* ColorSwitchWatch Extension */ = {
			isa = PBXNativeTarget;
			buildConfigurationList = 14C35D7C212DAC8A009FA2A3 /* Build configuration list for PBXNativeTarget "ColorSwitchWatch Extension" */;
			buildPhases = (
				14C35D65212DAC89009FA2A3 /* Sources */,
				14C35D66212DAC89009FA2A3 /* Frameworks */,
				14C35D67212DAC89009FA2A3 /* Resources */,
			);
			buildRules = (
			);
			dependencies = (
			);
			name = "ColorSwitchWatch Extension";
			productName = "ColorSwitchWatch Extension";
			productReference = 14C35D69212DAC89009FA2A3 /* ColorSwitchWatch Extension.appex */;
			productType = "com.apple.product-type.watchkit2-extension";
		};
		B6B3CEFD1F9D77380033F399 /* ColorSwitch */ = {
			isa = PBXNativeTarget;
			buildConfigurationList = B6B3CF261F9D77380033F399 /* Build configuration list for PBXNativeTarget "ColorSwitch" */;
			buildPhases = (
				B6B3CEFA1F9D77380033F399 /* Sources */,
				B6B3CEFB1F9D77380033F399 /* Frameworks */,
				B6B3CEFC1F9D77380033F399 /* Resources */,
				14C35D7F212DAC8A009FA2A3 /* Embed Watch Content */,
			);
			buildRules = (
			);
			dependencies = (
				14C35D76212DAC8A009FA2A3 /* PBXTargetDependency */,
			);
			name = ColorSwitch;
			productName = ColorSwitch;
			productReference = B6B3CEFE1F9D77380033F399 /* ColorSwitch.app */;
			productType = "com.apple.product-type.application";
		};
		B6B3CF111F9D77380033F399 /* ColorSwitchTests */ = {
			isa = PBXNativeTarget;
			buildConfigurationList = B6B3CF291F9D77380033F399 /* Build configuration list for PBXNativeTarget "ColorSwitchTests" */;
			buildPhases = (
				B6B3CF0E1F9D77380033F399 /* Sources */,
				B6B3CF0F1F9D77380033F399 /* Frameworks */,
				B6B3CF101F9D77380033F399 /* Resources */,
			);
			buildRules = (
			);
			dependencies = (
				B6B3CF141F9D77380033F399 /* PBXTargetDependency */,
			);
			name = ColorSwitchTests;
			productName = ColorSwitchTests;
			productReference = B6B3CF121F9D77380033F399 /* ColorSwitchTests.xctest */;
			productType = "com.apple.product-type.bundle.unit-test";
		};
		B6B3CF1C1F9D77380033F399 /* ColorSwitchUITests */ = {
			isa = PBXNativeTarget;
			buildConfigurationList = B6B3CF2C1F9D77380033F399 /* Build configuration list for PBXNativeTarget "ColorSwitchUITests" */;
			buildPhases = (
				B6B3CF191F9D77380033F399 /* Sources */,
				B6B3CF1A1F9D77380033F399 /* Frameworks */,
				B6B3CF1B1F9D77380033F399 /* Resources */,
			);
			buildRules = (
			);
			dependencies = (
				B6B3CF1F1F9D77380033F399 /* PBXTargetDependency */,
			);
			name = ColorSwitchUITests;
			productName = ColorSwitchUITests;
			productReference = B6B3CF1D1F9D77380033F399 /* ColorSwitchUITests.xctest */;
			productType = "com.apple.product-type.bundle.ui-testing";
		};
/* End PBXNativeTarget section */

/* Begin PBXProject section */
		B6B3CEF61F9D77380033F399 /* Project object */ = {
			isa = PBXProject;
			attributes = {
				LastSwiftUpdateCheck = 1000;
				LastUpgradeCheck = 1000;
				ORGANIZATIONNAME = "Zachary Elia";
				TargetAttributes = {
					14C35D5C212DAC88009FA2A3 = {
						CreatedOnToolsVersion = 10.0;
						ProvisioningStyle = Automatic;
					};
					14C35D68212DAC89009FA2A3 = {
						CreatedOnToolsVersion = 10.0;
						ProvisioningStyle = Automatic;
					};
					B6B3CEFD1F9D77380033F399 = {
						CreatedOnToolsVersion = 9.1;
						LastSwiftMigration = 1000;
						ProvisioningStyle = Automatic;
						SystemCapabilities = {
							com.apple.GameCenter = {
								enabled = 1;
							};
						};
					};
					B6B3CF111F9D77380033F399 = {
						CreatedOnToolsVersion = 9.1;
						LastSwiftMigration = 1000;
						ProvisioningStyle = Automatic;
						TestTargetID = B6B3CEFD1F9D77380033F399;
					};
					B6B3CF1C1F9D77380033F399 = {
						CreatedOnToolsVersion = 9.1;
						LastSwiftMigration = 1000;
						ProvisioningStyle = Automatic;
						TestTargetID = B6B3CEFD1F9D77380033F399;
					};
				};
			};
			buildConfigurationList = B6B3CEF91F9D77380033F399 /* Build configuration list for PBXProject "ColorSwitch" */;
			compatibilityVersion = "Xcode 8.0";
			developmentRegion = en;
			hasScannedForEncodings = 0;
			knownRegions = (
				en,
				Base,
			);
			mainGroup = B6B3CEF51F9D77380033F399;
			productRefGroup = B6B3CEFF1F9D77380033F399 /* Products */;
			projectDirPath = "";
			projectRoot = "";
			targets = (
				B6B3CEFD1F9D77380033F399 /* ColorSwitch */,
				B6B3CF111F9D77380033F399 /* ColorSwitchTests */,
				B6B3CF1C1F9D77380033F399 /* ColorSwitchUITests */,
				14C35D5C212DAC88009FA2A3 /* ColorSwitchWatch */,
				14C35D68212DAC89009FA2A3 /* ColorSwitchWatch Extension */,
			);
		};
/* End PBXProject section */

/* Begin PBXResourcesBuildPhase section */
		14C35D5B212DAC88009FA2A3 /* Resources */ = {
			isa = PBXResourcesBuildPhase;
			buildActionMask = 2147483647;
			files = (
				14C35D63212DAC89009FA2A3 /* Assets.xcassets in Resources */,
				14ED3582212DAE0E005F61E7 /* Interface.storyboard in Resources */,
			);
			runOnlyForDeploymentPostprocessing = 0;
		};
		14C35D67212DAC89009FA2A3 /* Resources */ = {
			isa = PBXResourcesBuildPhase;
			buildActionMask = 2147483647;
			files = (
				14C35D73212DAC8A009FA2A3 /* Assets.xcassets in Resources */,
			);
			runOnlyForDeploymentPostprocessing = 0;
		};
		B6B3CEFC1F9D77380033F399 /* Resources */ = {
			isa = PBXResourcesBuildPhase;
			buildActionMask = 2147483647;
			files = (
				B6B3CF0C1F9D77380033F399 /* LaunchScreen.storyboard in Resources */,
				B6B3CF091F9D77380033F399 /* Assets.xcassets in Resources */,
				B6B3CF071F9D77380033F399 /* Main.storyboard in Resources */,
			);
			runOnlyForDeploymentPostprocessing = 0;
		};
		B6B3CF101F9D77380033F399 /* Resources */ = {
			isa = PBXResourcesBuildPhase;
			buildActionMask = 2147483647;
			files = (
			);
			runOnlyForDeploymentPostprocessing = 0;
		};
		B6B3CF1B1F9D77380033F399 /* Resources */ = {
			isa = PBXResourcesBuildPhase;
			buildActionMask = 2147483647;
			files = (
			);
			runOnlyForDeploymentPostprocessing = 0;
		};
/* End PBXResourcesBuildPhase section */

/* Begin PBXSourcesBuildPhase section */
		14C35D65212DAC89009FA2A3 /* Sources */ = {
			isa = PBXSourcesBuildPhase;
			buildActionMask = 2147483647;
			files = (
				14C35D71212DAC89009FA2A3 /* ExtensionDelegate.swift in Sources */,
				14C35D6F212DAC89009FA2A3 /* InterfaceController.swift in Sources */,
				14ED3584212DB524005F61E7 /* Constants.swift in Sources */,
			);
			runOnlyForDeploymentPostprocessing = 0;
		};
		B6B3CEFA1F9D77380033F399 /* Sources */ = {
			isa = PBXSourcesBuildPhase;
			buildActionMask = 2147483647;
			files = (
				B6B3CF341F9EC52B0033F399 /* GameViewController.swift in Sources */,
				1495A622212CF0C400B3F6FC /* Keys.swift in Sources */,
				B6E0C8721FA4DA1B00429295 /* Game.swift in Sources */,
				B6B3CF021F9D77380033F399 /* AppDelegate.swift in Sources */,
				B6B3CF301F9D79680033F399 /* Constants.swift in Sources */,
				B6E0C8741FA5190500429295 /* LoseViewController.swift in Sources */,
				B6B3CF321F9EBD6B0033F399 /* MenuViewController.swift in Sources */,
				B6B3CF361F9FF1780033F399 /* UI.swift in Sources */,
			);
			runOnlyForDeploymentPostprocessing = 0;
		};
		B6B3CF0E1F9D77380033F399 /* Sources */ = {
			isa = PBXSourcesBuildPhase;
			buildActionMask = 2147483647;
			files = (
				B6B3CF171F9D77380033F399 /* ColorSwitchTests.swift in Sources */,
			);
			runOnlyForDeploymentPostprocessing = 0;
		};
		B6B3CF191F9D77380033F399 /* Sources */ = {
			isa = PBXSourcesBuildPhase;
			buildActionMask = 2147483647;
			files = (
				B6B3CF221F9D77380033F399 /* ColorSwitchUITests.swift in Sources */,
			);
			runOnlyForDeploymentPostprocessing = 0;
		};
/* End PBXSourcesBuildPhase section */

/* Begin PBXTargetDependency section */
		14C35D6C212DAC89009FA2A3 /* PBXTargetDependency */ = {
			isa = PBXTargetDependency;
			target = 14C35D68212DAC89009FA2A3 /* ColorSwitchWatch Extension */;
			targetProxy = 14C35D6B212DAC89009FA2A3 /* PBXContainerItemProxy */;
		};
		14C35D76212DAC8A009FA2A3 /* PBXTargetDependency */ = {
			isa = PBXTargetDependency;
			target = 14C35D5C212DAC88009FA2A3 /* ColorSwitchWatch */;
			targetProxy = 14C35D75212DAC8A009FA2A3 /* PBXContainerItemProxy */;
		};
		B6B3CF141F9D77380033F399 /* PBXTargetDependency */ = {
			isa = PBXTargetDependency;
			target = B6B3CEFD1F9D77380033F399 /* ColorSwitch */;
			targetProxy = B6B3CF131F9D77380033F399 /* PBXContainerItemProxy */;
		};
		B6B3CF1F1F9D77380033F399 /* PBXTargetDependency */ = {
			isa = PBXTargetDependency;
			target = B6B3CEFD1F9D77380033F399 /* ColorSwitch */;
			targetProxy = B6B3CF1E1F9D77380033F399 /* PBXContainerItemProxy */;
		};
/* End PBXTargetDependency section */

/* Begin PBXVariantGroup section */
		B6B3CF051F9D77380033F399 /* Main.storyboard */ = {
			isa = PBXVariantGroup;
			children = (
				B6B3CF061F9D77380033F399 /* Base */,
			);
			name = Main.storyboard;
			sourceTree = "<group>";
		};
		B6B3CF0A1F9D77380033F399 /* LaunchScreen.storyboard */ = {
			isa = PBXVariantGroup;
			children = (
				B6B3CF0B1F9D77380033F399 /* Base */,
			);
			name = LaunchScreen.storyboard;
			sourceTree = "<group>";
		};
/* End PBXVariantGroup section */

/* Begin XCBuildConfiguration section */
		14C35D78212DAC8A009FA2A3 /* Debug */ = {
			isa = XCBuildConfiguration;
			buildSettings = {
				ALWAYS_EMBED_SWIFT_STANDARD_LIBRARIES = YES;
				ASSETCATALOG_COMPILER_APPICON_NAME = AppIcon;
				CLANG_ENABLE_OBJC_WEAK = YES;
				CODE_SIGN_STYLE = Automatic;
				DEVELOPMENT_TEAM = M79N6W63A8;
				IBSC_MODULE = ColorSwitchWatch_Extension;
				INFOPLIST_FILE = ColorSwitchWatch/Info.plist;
				MTL_ENABLE_DEBUG_INFO = INCLUDE_SOURCE;
				PRODUCT_BUNDLE_IDENTIFIER = com.ZacharyElia.ColorSwitch.watchkitapp;
				PRODUCT_NAME = "$(TARGET_NAME)";
				SDKROOT = watchos;
				SKIP_INSTALL = YES;
				SWIFT_VERSION = 4.2;
				TARGETED_DEVICE_FAMILY = 4;
				WATCHOS_DEPLOYMENT_TARGET = 4.3;
			};
			name = Debug;
		};
		14C35D79212DAC8A009FA2A3 /* Release */ = {
			isa = XCBuildConfiguration;
			buildSettings = {
				ALWAYS_EMBED_SWIFT_STANDARD_LIBRARIES = YES;
				ASSETCATALOG_COMPILER_APPICON_NAME = AppIcon;
				CLANG_ENABLE_OBJC_WEAK = YES;
				CODE_SIGN_STYLE = Automatic;
				DEVELOPMENT_TEAM = M79N6W63A8;
				IBSC_MODULE = ColorSwitchWatch_Extension;
				INFOPLIST_FILE = ColorSwitchWatch/Info.plist;
				PRODUCT_BUNDLE_IDENTIFIER = com.ZacharyElia.ColorSwitch.watchkitapp;
				PRODUCT_NAME = "$(TARGET_NAME)";
				SDKROOT = watchos;
				SKIP_INSTALL = YES;
				SWIFT_VERSION = 4.2;
				TARGETED_DEVICE_FAMILY = 4;
				WATCHOS_DEPLOYMENT_TARGET = 4.3;
			};
			name = Release;
		};
		14C35D7A212DAC8A009FA2A3 /* Debug */ = {
			isa = XCBuildConfiguration;
			buildSettings = {
				ASSETCATALOG_COMPILER_COMPLICATION_NAME = Complication;
				CLANG_ENABLE_OBJC_WEAK = YES;
				CODE_SIGN_STYLE = Automatic;
				DEVELOPMENT_TEAM = M79N6W63A8;
				INFOPLIST_FILE = "ColorSwitchWatch Extension/Info.plist";
				LD_RUNPATH_SEARCH_PATHS = "$(inherited) @executable_path/Frameworks @executable_path/../../Frameworks";
				MTL_ENABLE_DEBUG_INFO = INCLUDE_SOURCE;
				PRODUCT_BUNDLE_IDENTIFIER = com.ZacharyElia.ColorSwitch.watchkitapp.watchkitextension;
				PRODUCT_NAME = "${TARGET_NAME}";
				SDKROOT = watchos;
				SKIP_INSTALL = YES;
				SWIFT_VERSION = 4.2;
				TARGETED_DEVICE_FAMILY = 4;
				WATCHOS_DEPLOYMENT_TARGET = 5.0;
			};
			name = Debug;
		};
		14C35D7B212DAC8A009FA2A3 /* Release */ = {
			isa = XCBuildConfiguration;
			buildSettings = {
				ASSETCATALOG_COMPILER_COMPLICATION_NAME = Complication;
				CLANG_ENABLE_OBJC_WEAK = YES;
				CODE_SIGN_STYLE = Automatic;
				DEVELOPMENT_TEAM = M79N6W63A8;
				INFOPLIST_FILE = "ColorSwitchWatch Extension/Info.plist";
				LD_RUNPATH_SEARCH_PATHS = "$(inherited) @executable_path/Frameworks @executable_path/../../Frameworks";
				PRODUCT_BUNDLE_IDENTIFIER = com.ZacharyElia.ColorSwitch.watchkitapp.watchkitextension;
				PRODUCT_NAME = "${TARGET_NAME}";
				SDKROOT = watchos;
				SKIP_INSTALL = YES;
				SWIFT_VERSION = 4.2;
				TARGETED_DEVICE_FAMILY = 4;
				WATCHOS_DEPLOYMENT_TARGET = 5.0;
			};
			name = Release;
		};
		B6B3CF241F9D77380033F399 /* Debug */ = {
			isa = XCBuildConfiguration;
			buildSettings = {
				ALWAYS_SEARCH_USER_PATHS = NO;
				CLANG_ANALYZER_NONNULL = YES;
				CLANG_ANALYZER_NUMBER_OBJECT_CONVERSION = YES_AGGRESSIVE;
				CLANG_CXX_LANGUAGE_STANDARD = "gnu++14";
				CLANG_CXX_LIBRARY = "libc++";
				CLANG_ENABLE_MODULES = YES;
				CLANG_ENABLE_OBJC_ARC = YES;
				CLANG_WARN_BLOCK_CAPTURE_AUTORELEASING = YES;
				CLANG_WARN_BOOL_CONVERSION = YES;
				CLANG_WARN_COMMA = YES;
				CLANG_WARN_CONSTANT_CONVERSION = YES;
				CLANG_WARN_DEPRECATED_OBJC_IMPLEMENTATIONS = YES;
				CLANG_WARN_DIRECT_OBJC_ISA_USAGE = YES_ERROR;
				CLANG_WARN_DOCUMENTATION_COMMENTS = YES;
				CLANG_WARN_EMPTY_BODY = YES;
				CLANG_WARN_ENUM_CONVERSION = YES;
				CLANG_WARN_INFINITE_RECURSION = YES;
				CLANG_WARN_INT_CONVERSION = YES;
				CLANG_WARN_NON_LITERAL_NULL_CONVERSION = YES;
				CLANG_WARN_OBJC_IMPLICIT_RETAIN_SELF = YES;
				CLANG_WARN_OBJC_LITERAL_CONVERSION = YES;
				CLANG_WARN_OBJC_ROOT_CLASS = YES_ERROR;
				CLANG_WARN_RANGE_LOOP_ANALYSIS = YES;
				CLANG_WARN_STRICT_PROTOTYPES = YES;
				CLANG_WARN_SUSPICIOUS_MOVE = YES;
				CLANG_WARN_UNGUARDED_AVAILABILITY = YES_AGGRESSIVE;
				CLANG_WARN_UNREACHABLE_CODE = YES;
				CLANG_WARN__DUPLICATE_METHOD_MATCH = YES;
				CODE_SIGN_IDENTITY = "iPhone Developer";
				COPY_PHASE_STRIP = NO;
				DEBUG_INFORMATION_FORMAT = dwarf;
				ENABLE_STRICT_OBJC_MSGSEND = YES;
				ENABLE_TESTABILITY = YES;
				GCC_C_LANGUAGE_STANDARD = gnu11;
				GCC_DYNAMIC_NO_PIC = NO;
				GCC_NO_COMMON_BLOCKS = YES;
				GCC_OPTIMIZATION_LEVEL = 0;
				GCC_PREPROCESSOR_DEFINITIONS = (
					"DEBUG=1",
					"$(inherited)",
				);
				GCC_WARN_64_TO_32_BIT_CONVERSION = YES;
				GCC_WARN_ABOUT_RETURN_TYPE = YES_ERROR;
				GCC_WARN_UNDECLARED_SELECTOR = YES;
				GCC_WARN_UNINITIALIZED_AUTOS = YES_AGGRESSIVE;
				GCC_WARN_UNUSED_FUNCTION = YES;
				GCC_WARN_UNUSED_VARIABLE = YES;
				IPHONEOS_DEPLOYMENT_TARGET = 10.3;
				MTL_ENABLE_DEBUG_INFO = YES;
				ONLY_ACTIVE_ARCH = YES;
				OTHER_LDFLAGS = "-ObjC";
				SDKROOT = iphoneos;
				SWIFT_ACTIVE_COMPILATION_CONDITIONS = DEBUG;
				SWIFT_OBJC_BRIDGING_HEADER = "";
				SWIFT_OPTIMIZATION_LEVEL = "-Onone";
			};
			name = Debug;
		};
		B6B3CF251F9D77380033F399 /* Release */ = {
			isa = XCBuildConfiguration;
			buildSettings = {
				ALWAYS_SEARCH_USER_PATHS = NO;
				CLANG_ANALYZER_NONNULL = YES;
				CLANG_ANALYZER_NUMBER_OBJECT_CONVERSION = YES_AGGRESSIVE;
				CLANG_CXX_LANGUAGE_STANDARD = "gnu++14";
				CLANG_CXX_LIBRARY = "libc++";
				CLANG_ENABLE_MODULES = YES;
				CLANG_ENABLE_OBJC_ARC = YES;
				CLANG_WARN_BLOCK_CAPTURE_AUTORELEASING = YES;
				CLANG_WARN_BOOL_CONVERSION = YES;
				CLANG_WARN_COMMA = YES;
				CLANG_WARN_CONSTANT_CONVERSION = YES;
				CLANG_WARN_DEPRECATED_OBJC_IMPLEMENTATIONS = YES;
				CLANG_WARN_DIRECT_OBJC_ISA_USAGE = YES_ERROR;
				CLANG_WARN_DOCUMENTATION_COMMENTS = YES;
				CLANG_WARN_EMPTY_BODY = YES;
				CLANG_WARN_ENUM_CONVERSION = YES;
				CLANG_WARN_INFINITE_RECURSION = YES;
				CLANG_WARN_INT_CONVERSION = YES;
				CLANG_WARN_NON_LITERAL_NULL_CONVERSION = YES;
				CLANG_WARN_OBJC_IMPLICIT_RETAIN_SELF = YES;
				CLANG_WARN_OBJC_LITERAL_CONVERSION = YES;
				CLANG_WARN_OBJC_ROOT_CLASS = YES_ERROR;
				CLANG_WARN_RANGE_LOOP_ANALYSIS = YES;
				CLANG_WARN_STRICT_PROTOTYPES = YES;
				CLANG_WARN_SUSPICIOUS_MOVE = YES;
				CLANG_WARN_UNGUARDED_AVAILABILITY = YES_AGGRESSIVE;
				CLANG_WARN_UNREACHABLE_CODE = YES;
				CLANG_WARN__DUPLICATE_METHOD_MATCH = YES;
				CODE_SIGN_IDENTITY = "iPhone Developer";
				COPY_PHASE_STRIP = NO;
				DEBUG_INFORMATION_FORMAT = "dwarf-with-dsym";
				ENABLE_NS_ASSERTIONS = NO;
				ENABLE_STRICT_OBJC_MSGSEND = YES;
				GCC_C_LANGUAGE_STANDARD = gnu11;
				GCC_NO_COMMON_BLOCKS = YES;
				GCC_WARN_64_TO_32_BIT_CONVERSION = YES;
				GCC_WARN_ABOUT_RETURN_TYPE = YES_ERROR;
				GCC_WARN_UNDECLARED_SELECTOR = YES;
				GCC_WARN_UNINITIALIZED_AUTOS = YES_AGGRESSIVE;
				GCC_WARN_UNUSED_FUNCTION = YES;
				GCC_WARN_UNUSED_VARIABLE = YES;
				IPHONEOS_DEPLOYMENT_TARGET = 10.3;
				MTL_ENABLE_DEBUG_INFO = NO;
				OTHER_LDFLAGS = "-ObjC";
				SDKROOT = iphoneos;
				SWIFT_OBJC_BRIDGING_HEADER = "";
				SWIFT_OPTIMIZATION_LEVEL = "-Owholemodule";
				VALIDATE_PRODUCT = YES;
			};
			name = Release;
		};
		B6B3CF271F9D77380033F399 /* Debug */ = {
			isa = XCBuildConfiguration;
			buildSettings = {
				ASSETCATALOG_COMPILER_APPICON_NAME = AppIcon;
				CLANG_ENABLE_MODULES = YES;
				CODE_SIGN_STYLE = Automatic;
				DEFINES_MODULE = YES;
				DEVELOPMENT_TEAM = M79N6W63A8;
				FRAMEWORK_SEARCH_PATHS = (
					"$(inherited)",
					"$(PROJECT_DIR)",
					"$(PROJECT_DIR)/ColorSwitch",
					"$(PROJECT_DIR)/ColorSwitch/Frameworks",
				);
				INFOPLIST_FILE = ColorSwitch/Info.plist;
				IPHONEOS_DEPLOYMENT_TARGET = 10.3;
				LD_RUNPATH_SEARCH_PATHS = "$(inherited) @executable_path/Frameworks";
				PRODUCT_BUNDLE_IDENTIFIER = com.ZacharyElia.ColorSwitch;
				PRODUCT_NAME = "$(TARGET_NAME)";
				SWIFT_INSTALL_OBJC_HEADER = NO;
				SWIFT_OBJC_BRIDGING_HEADER = "ColorSwitch/ColorSwitch-Bridging-Header.h";
				SWIFT_OPTIMIZATION_LEVEL = "-Onone";
				SWIFT_VERSION = 4.2;
				TARGETED_DEVICE_FAMILY = "1,2";
			};
			name = Debug;
		};
		B6B3CF281F9D77380033F399 /* Release */ = {
			isa = XCBuildConfiguration;
			buildSettings = {
				ASSETCATALOG_COMPILER_APPICON_NAME = AppIcon;
				CLANG_ENABLE_MODULES = YES;
				CODE_SIGN_STYLE = Automatic;
				DEFINES_MODULE = YES;
				DEVELOPMENT_TEAM = M79N6W63A8;
				FRAMEWORK_SEARCH_PATHS = (
					"$(inherited)",
					"$(PROJECT_DIR)",
					"$(PROJECT_DIR)/ColorSwitch",
					"$(PROJECT_DIR)/ColorSwitch/Frameworks",
				);
				INFOPLIST_FILE = ColorSwitch/Info.plist;
				IPHONEOS_DEPLOYMENT_TARGET = 10.3;
				LD_RUNPATH_SEARCH_PATHS = "$(inherited) @executable_path/Frameworks";
				PRODUCT_BUNDLE_IDENTIFIER = com.ZacharyElia.ColorSwitch;
				PRODUCT_NAME = "$(TARGET_NAME)";
				SWIFT_INSTALL_OBJC_HEADER = NO;
				SWIFT_OBJC_BRIDGING_HEADER = "ColorSwitch/ColorSwitch-Bridging-Header.h";
				SWIFT_VERSION = 4.2;
				TARGETED_DEVICE_FAMILY = "1,2";
			};
			name = Release;
		};
		B6B3CF2A1F9D77380033F399 /* Debug */ = {
			isa = XCBuildConfiguration;
			buildSettings = {
				ALWAYS_EMBED_SWIFT_STANDARD_LIBRARIES = YES;
				BUNDLE_LOADER = "$(TEST_HOST)";
				CODE_SIGN_STYLE = Automatic;
				DEVELOPMENT_TEAM = M79N6W63A8;
				INFOPLIST_FILE = ColorSwitchTests/Info.plist;
				LD_RUNPATH_SEARCH_PATHS = "$(inherited) @executable_path/Frameworks @loader_path/Frameworks";
				PRODUCT_BUNDLE_IDENTIFIER = com.ZacharyElia.ColorSwitchTests;
				PRODUCT_NAME = "$(TARGET_NAME)";
				SWIFT_VERSION = 4.2;
				TARGETED_DEVICE_FAMILY = "1,2";
				TEST_HOST = "$(BUILT_PRODUCTS_DIR)/ColorSwitch.app/ColorSwitch";
			};
			name = Debug;
		};
		B6B3CF2B1F9D77380033F399 /* Release */ = {
			isa = XCBuildConfiguration;
			buildSettings = {
				ALWAYS_EMBED_SWIFT_STANDARD_LIBRARIES = YES;
				BUNDLE_LOADER = "$(TEST_HOST)";
				CODE_SIGN_STYLE = Automatic;
				DEVELOPMENT_TEAM = M79N6W63A8;
				INFOPLIST_FILE = ColorSwitchTests/Info.plist;
				LD_RUNPATH_SEARCH_PATHS = "$(inherited) @executable_path/Frameworks @loader_path/Frameworks";
				PRODUCT_BUNDLE_IDENTIFIER = com.ZacharyElia.ColorSwitchTests;
				PRODUCT_NAME = "$(TARGET_NAME)";
				SWIFT_VERSION = 4.2;
				TARGETED_DEVICE_FAMILY = "1,2";
				TEST_HOST = "$(BUILT_PRODUCTS_DIR)/ColorSwitch.app/ColorSwitch";
			};
			name = Release;
		};
		B6B3CF2D1F9D77380033F399 /* Debug */ = {
			isa = XCBuildConfiguration;
			buildSettings = {
				ALWAYS_EMBED_SWIFT_STANDARD_LIBRARIES = YES;
				CODE_SIGN_STYLE = Automatic;
				DEVELOPMENT_TEAM = M79N6W63A8;
				INFOPLIST_FILE = ColorSwitchUITests/Info.plist;
				LD_RUNPATH_SEARCH_PATHS = "$(inherited) @executable_path/Frameworks @loader_path/Frameworks";
				PRODUCT_BUNDLE_IDENTIFIER = com.ZacharyElia.ColorSwitchUITests;
				PRODUCT_NAME = "$(TARGET_NAME)";
				SWIFT_VERSION = 4.2;
				TARGETED_DEVICE_FAMILY = "1,2";
				TEST_TARGET_NAME = ColorSwitch;
			};
			name = Debug;
		};
		B6B3CF2E1F9D77380033F399 /* Release */ = {
			isa = XCBuildConfiguration;
			buildSettings = {
				ALWAYS_EMBED_SWIFT_STANDARD_LIBRARIES = YES;
				CODE_SIGN_STYLE = Automatic;
				DEVELOPMENT_TEAM = M79N6W63A8;
				INFOPLIST_FILE = ColorSwitchUITests/Info.plist;
				LD_RUNPATH_SEARCH_PATHS = "$(inherited) @executable_path/Frameworks @loader_path/Frameworks";
				PRODUCT_BUNDLE_IDENTIFIER = com.ZacharyElia.ColorSwitchUITests;
				PRODUCT_NAME = "$(TARGET_NAME)";
				SWIFT_VERSION = 4.2;
				TARGETED_DEVICE_FAMILY = "1,2";
				TEST_TARGET_NAME = ColorSwitch;
			};
			name = Release;
		};
/* End XCBuildConfiguration section */

/* Begin XCConfigurationList section */
		14C35D7C212DAC8A009FA2A3 /* Build configuration list for PBXNativeTarget "ColorSwitchWatch Extension" */ = {
			isa = XCConfigurationList;
			buildConfigurations = (
				14C35D7A212DAC8A009FA2A3 /* Debug */,
				14C35D7B212DAC8A009FA2A3 /* Release */,
			);
			defaultConfigurationIsVisible = 0;
			defaultConfigurationName = Release;
		};
		14C35D7E212DAC8A009FA2A3 /* Build configuration list for PBXNativeTarget "ColorSwitchWatch" */ = {
			isa = XCConfigurationList;
			buildConfigurations = (
				14C35D78212DAC8A009FA2A3 /* Debug */,
				14C35D79212DAC8A009FA2A3 /* Release */,
			);
			defaultConfigurationIsVisible = 0;
			defaultConfigurationName = Release;
		};
		B6B3CEF91F9D77380033F399 /* Build configuration list for PBXProject "ColorSwitch" */ = {
			isa = XCConfigurationList;
			buildConfigurations = (
				B6B3CF241F9D77380033F399 /* Debug */,
				B6B3CF251F9D77380033F399 /* Release */,
			);
			defaultConfigurationIsVisible = 0;
			defaultConfigurationName = Release;
		};
		B6B3CF261F9D77380033F399 /* Build configuration list for PBXNativeTarget "ColorSwitch" */ = {
			isa = XCConfigurationList;
			buildConfigurations = (
				B6B3CF271F9D77380033F399 /* Debug */,
				B6B3CF281F9D77380033F399 /* Release */,
			);
			defaultConfigurationIsVisible = 0;
			defaultConfigurationName = Release;
		};
		B6B3CF291F9D77380033F399 /* Build configuration list for PBXNativeTarget "ColorSwitchTests" */ = {
			isa = XCConfigurationList;
			buildConfigurations = (
				B6B3CF2A1F9D77380033F399 /* Debug */,
				B6B3CF2B1F9D77380033F399 /* Release */,
			);
			defaultConfigurationIsVisible = 0;
			defaultConfigurationName = Release;
		};
		B6B3CF2C1F9D77380033F399 /* Build configuration list for PBXNativeTarget "ColorSwitchUITests" */ = {
			isa = XCConfigurationList;
			buildConfigurations = (
				B6B3CF2D1F9D77380033F399 /* Debug */,
				B6B3CF2E1F9D77380033F399 /* Release */,
			);
			defaultConfigurationIsVisible = 0;
			defaultConfigurationName = Release;
		};
/* End XCConfigurationList section */
	};
	rootObject = B6B3CEF61F9D77380033F399 /* Project object */;
}
